
Microsoft Visual Studio Solution File, Format Version 12.00
# Visual Studio 15
VisualStudioVersion = 15.0.27428.2027
MinimumVisualStudioVersion = 10.0.40219.1
Project("{FAE04EC0-301F-11D3-BF4B-00C04F79EFBC}") = "Uml.Robotics.Ros", "Uml.Robotics.Ros\Uml.Robotics.Ros.csproj", "{C8E5C1D2-80C2-4C11-ACF2-2DC3B7560BEF}"
EndProject
Project("{FAE04EC0-301F-11D3-BF4B-00C04F79EFBC}") = "Uml.Robotics.Ros.MessageBase", "Uml.Robotics.Ros.MessageBase\Uml.Robotics.Ros.MessageBase.csproj", "{FE6B7734-BD13-4F75-AA2C-9E8E314053F0}"
EndProject
Project("{FAE04EC0-301F-11D3-BF4B-00C04F79EFBC}") = "YAMLParser", "YAMLParser\YAMLParser.csproj", "{1460926E-0063-4744-8311-E4D0A514ACB0}"
EndProject
Project("{2150E333-8FDC-42A3-9474-1A3956D46DE8}") = "Samples", "Samples", "{DAD9291F-71AE-43D4-A124-D5BE806013A0}"
EndProject
Project("{FAE04EC0-301F-11D3-BF4B-00C04F79EFBC}") = "Listener", "Samples\Listener\Listener.csproj", "{EAC9C191-29B6-451D-971B-707B2C2370DA}"
EndProject
Project("{FAE04EC0-301F-11D3-BF4B-00C04F79EFBC}") = "Talker", "Samples\Talker\Talker.csproj", "{A6146008-C439-4BD1-8813-20FD50A610F1}"
EndProject
Project("{FAE04EC0-301F-11D3-BF4B-00C04F79EFBC}") = "ServiceServerSample", "Samples\ServiceServerSample\ServiceServerSample.csproj", "{D0D84BC3-CCA8-4B3F-899E-2A8CB3C4CA08}"
EndProject
Project("{FAE04EC0-301F-11D3-BF4B-00C04F79EFBC}") = "ServiceClientSample", "Samples\ServiceClientSample\ServiceClientSample.csproj", "{51E5D1AC-B1A8-4B44-A3C6-1212FEBC4055}"
EndProject
Project("{FAE04EC0-301F-11D3-BF4B-00C04F79EFBC}") = "Uml.Robotics.Ros.Transforms", "Uml.Robotics.Ros.Transforms\Uml.Robotics.Ros.Transforms.csproj", "{0B175994-800B-491B-9569-FC4325560050}"
EndProject
Project("{2150E333-8FDC-42A3-9474-1A3956D46DE8}") = "Tests", "Tests", "{838210AB-B788-419F-9F71-BB2D05326D0F}"
EndProject
Project("{FAE04EC0-301F-11D3-BF4B-00C04F79EFBC}") = "ActionClientSample", "Samples\ActionClientSample\ActionClientSample.csproj", "{74699A29-FD91-46D3-A69E-AFF72118A94B}"
EndProject
Project("{FAE04EC0-301F-11D3-BF4B-00C04F79EFBC}") = "ActionServerSample", "Samples\ActionServerSample\ActionServerSample.csproj", "{EC535F97-1889-4BE5-8C2C-6C121DD9FF1E}"
EndProject
Project("{FAE04EC0-301F-11D3-BF4B-00C04F79EFBC}") = "RosParamClient", "Samples\RosParamClient\RosParamClient.csproj", "{04CB8EDB-5ABC-42B8-9C61-AD8F42ECEDC0}"
EndProject
Project("{FAE04EC0-301F-11D3-BF4B-00C04F79EFBC}") = "ActionClientTestbed", "Samples\ActionClientTestbed\ActionClientTestbed.csproj", "{FF4F0243-EDFC-43AE-A037-AD941CFEC58F}"
EndProject
Project("{FAE04EC0-301F-11D3-BF4B-00C04F79EFBC}") = "TransformsSample", "Samples\TransformsSample\TransformsSample.csproj", "{637CF3A4-89D9-466F-828D-BBC964DBC065}"
EndProject
Project("{FAE04EC0-301F-11D3-BF4B-00C04F79EFBC}") = "PubSubTestbed", "Tests\PubSubTestbed\PubSubTestbed.csproj", "{B9A67F9F-31F2-4917-A235-28BD6F40D389}"
EndProject
Project("{FAE04EC0-301F-11D3-BF4B-00C04F79EFBC}") = "Uml.Robotics.XmlRpc", "Uml.Robotics.XmlRpc\Uml.Robotics.XmlRpc.csproj", "{CFD4A5B7-67F9-474A-A6B9-B9D7DE16282D}"
EndProject
Project("{FAE04EC0-301F-11D3-BF4B-00C04F79EFBC}") = "ActionServerSlowDummy", "Samples\ActionServerSlowDummy\ActionServerSlowDummy.csproj", "{DDCE85A1-27B2-4090-AC44-F0CE5D90FE20}"
EndProject
Project("{FAE04EC0-301F-11D3-BF4B-00C04F79EFBC}") = "ActionServerClientSlowDummy", "Samples\ActionServerClientSlowDummy\ActionServerClientSlowDummy.csproj", "{02B190B3-029F-4968-AF6C-4E7A52187065}"
EndProject
Global
	GlobalSection(SolutionConfigurationPlatforms) = preSolution
		Debug|Any CPU = Debug|Any CPU
		Release|Any CPU = Release|Any CPU
	EndGlobalSection
	GlobalSection(ProjectConfigurationPlatforms) = postSolution
		{C8E5C1D2-80C2-4C11-ACF2-2DC3B7560BEF}.Debug|Any CPU.ActiveCfg = Debug|Any CPU
		{C8E5C1D2-80C2-4C11-ACF2-2DC3B7560BEF}.Debug|Any CPU.Build.0 = Debug|Any CPU
		{C8E5C1D2-80C2-4C11-ACF2-2DC3B7560BEF}.Release|Any CPU.ActiveCfg = Release|Any CPU
		{C8E5C1D2-80C2-4C11-ACF2-2DC3B7560BEF}.Release|Any CPU.Build.0 = Release|Any CPU
		{FE6B7734-BD13-4F75-AA2C-9E8E314053F0}.Debug|Any CPU.ActiveCfg = Debug|Any CPU
		{FE6B7734-BD13-4F75-AA2C-9E8E314053F0}.Debug|Any CPU.Build.0 = Debug|Any CPU
		{FE6B7734-BD13-4F75-AA2C-9E8E314053F0}.Release|Any CPU.ActiveCfg = Release|Any CPU
		{FE6B7734-BD13-4F75-AA2C-9E8E314053F0}.Release|Any CPU.Build.0 = Release|Any CPU
		{1460926E-0063-4744-8311-E4D0A514ACB0}.Debug|Any CPU.ActiveCfg = Debug|Any CPU
		{1460926E-0063-4744-8311-E4D0A514ACB0}.Debug|Any CPU.Build.0 = Debug|Any CPU
		{1460926E-0063-4744-8311-E4D0A514ACB0}.Release|Any CPU.ActiveCfg = Release|Any CPU
		{1460926E-0063-4744-8311-E4D0A514ACB0}.Release|Any CPU.Build.0 = Release|Any CPU
		{EAC9C191-29B6-451D-971B-707B2C2370DA}.Debug|Any CPU.ActiveCfg = Debug|Any CPU
		{EAC9C191-29B6-451D-971B-707B2C2370DA}.Debug|Any CPU.Build.0 = Debug|Any CPU
		{EAC9C191-29B6-451D-971B-707B2C2370DA}.Release|Any CPU.ActiveCfg = Release|Any CPU
		{EAC9C191-29B6-451D-971B-707B2C2370DA}.Release|Any CPU.Build.0 = Release|Any CPU
		{A6146008-C439-4BD1-8813-20FD50A610F1}.Debug|Any CPU.ActiveCfg = Debug|Any CPU
		{A6146008-C439-4BD1-8813-20FD50A610F1}.Debug|Any CPU.Build.0 = Debug|Any CPU
		{A6146008-C439-4BD1-8813-20FD50A610F1}.Release|Any CPU.ActiveCfg = Release|Any CPU
		{A6146008-C439-4BD1-8813-20FD50A610F1}.Release|Any CPU.Build.0 = Release|Any CPU
		{D0D84BC3-CCA8-4B3F-899E-2A8CB3C4CA08}.Debug|Any CPU.ActiveCfg = Debug|Any CPU
		{D0D84BC3-CCA8-4B3F-899E-2A8CB3C4CA08}.Debug|Any CPU.Build.0 = Debug|Any CPU
		{D0D84BC3-CCA8-4B3F-899E-2A8CB3C4CA08}.Release|Any CPU.ActiveCfg = Release|Any CPU
		{D0D84BC3-CCA8-4B3F-899E-2A8CB3C4CA08}.Release|Any CPU.Build.0 = Release|Any CPU
		{51E5D1AC-B1A8-4B44-A3C6-1212FEBC4055}.Debug|Any CPU.ActiveCfg = Debug|Any CPU
		{51E5D1AC-B1A8-4B44-A3C6-1212FEBC4055}.Debug|Any CPU.Build.0 = Debug|Any CPU
		{51E5D1AC-B1A8-4B44-A3C6-1212FEBC4055}.Release|Any CPU.ActiveCfg = Release|Any CPU
		{51E5D1AC-B1A8-4B44-A3C6-1212FEBC4055}.Release|Any CPU.Build.0 = Release|Any CPU
		{0B175994-800B-491B-9569-FC4325560050}.Debug|Any CPU.ActiveCfg = Debug|Any CPU
		{0B175994-800B-491B-9569-FC4325560050}.Debug|Any CPU.Build.0 = Debug|Any CPU
		{0B175994-800B-491B-9569-FC4325560050}.Release|Any CPU.ActiveCfg = Release|Any CPU
		{0B175994-800B-491B-9569-FC4325560050}.Release|Any CPU.Build.0 = Release|Any CPU
		{74699A29-FD91-46D3-A69E-AFF72118A94B}.Debug|Any CPU.ActiveCfg = Debug|Any CPU
		{74699A29-FD91-46D3-A69E-AFF72118A94B}.Debug|Any CPU.Build.0 = Debug|Any CPU
		{74699A29-FD91-46D3-A69E-AFF72118A94B}.Release|Any CPU.ActiveCfg = Release|Any CPU
		{74699A29-FD91-46D3-A69E-AFF72118A94B}.Release|Any CPU.Build.0 = Release|Any CPU
		{EC535F97-1889-4BE5-8C2C-6C121DD9FF1E}.Debug|Any CPU.ActiveCfg = Debug|Any CPU
		{EC535F97-1889-4BE5-8C2C-6C121DD9FF1E}.Debug|Any CPU.Build.0 = Debug|Any CPU
		{EC535F97-1889-4BE5-8C2C-6C121DD9FF1E}.Release|Any CPU.ActiveCfg = Release|Any CPU
		{EC535F97-1889-4BE5-8C2C-6C121DD9FF1E}.Release|Any CPU.Build.0 = Release|Any CPU
		{04CB8EDB-5ABC-42B8-9C61-AD8F42ECEDC0}.Debug|Any CPU.ActiveCfg = Debug|Any CPU
		{04CB8EDB-5ABC-42B8-9C61-AD8F42ECEDC0}.Debug|Any CPU.Build.0 = Debug|Any CPU
		{04CB8EDB-5ABC-42B8-9C61-AD8F42ECEDC0}.Release|Any CPU.ActiveCfg = Release|Any CPU
		{04CB8EDB-5ABC-42B8-9C61-AD8F42ECEDC0}.Release|Any CPU.Build.0 = Release|Any CPU
		{FF4F0243-EDFC-43AE-A037-AD941CFEC58F}.Debug|Any CPU.ActiveCfg = Debug|Any CPU
		{FF4F0243-EDFC-43AE-A037-AD941CFEC58F}.Debug|Any CPU.Build.0 = Debug|Any CPU
		{FF4F0243-EDFC-43AE-A037-AD941CFEC58F}.Release|Any CPU.ActiveCfg = Release|Any CPU
		{FF4F0243-EDFC-43AE-A037-AD941CFEC58F}.Release|Any CPU.Build.0 = Release|Any CPU
		{637CF3A4-89D9-466F-828D-BBC964DBC065}.Debug|Any CPU.ActiveCfg = Debug|Any CPU
		{637CF3A4-89D9-466F-828D-BBC964DBC065}.Debug|Any CPU.Build.0 = Debug|Any CPU
		{637CF3A4-89D9-466F-828D-BBC964DBC065}.Release|Any CPU.ActiveCfg = Release|Any CPU
		{637CF3A4-89D9-466F-828D-BBC964DBC065}.Release|Any CPU.Build.0 = Release|Any CPU
		{B9A67F9F-31F2-4917-A235-28BD6F40D389}.Debug|Any CPU.ActiveCfg = Debug|Any CPU
		{B9A67F9F-31F2-4917-A235-28BD6F40D389}.Debug|Any CPU.Build.0 = Debug|Any CPU
		{B9A67F9F-31F2-4917-A235-28BD6F40D389}.Release|Any CPU.ActiveCfg = Release|Any CPU
		{B9A67F9F-31F2-4917-A235-28BD6F40D389}.Release|Any CPU.Build.0 = Release|Any CPU
		{CFD4A5B7-67F9-474A-A6B9-B9D7DE16282D}.Debug|Any CPU.ActiveCfg = Debug|Any CPU
		{CFD4A5B7-67F9-474A-A6B9-B9D7DE16282D}.Debug|Any CPU.Build.0 = Debug|Any CPU
		{CFD4A5B7-67F9-474A-A6B9-B9D7DE16282D}.Release|Any CPU.ActiveCfg = Release|Any CPU
		{CFD4A5B7-67F9-474A-A6B9-B9D7DE16282D}.Release|Any CPU.Build.0 = Release|Any CPU
		{DDCE85A1-27B2-4090-AC44-F0CE5D90FE20}.Debug|Any CPU.ActiveCfg = Debug|Any CPU
		{DDCE85A1-27B2-4090-AC44-F0CE5D90FE20}.Debug|Any CPU.Build.0 = Debug|Any CPU
		{DDCE85A1-27B2-4090-AC44-F0CE5D90FE20}.Release|Any CPU.ActiveCfg = Release|Any CPU
		{DDCE85A1-27B2-4090-AC44-F0CE5D90FE20}.Release|Any CPU.Build.0 = Release|Any CPU
		{02B190B3-029F-4968-AF6C-4E7A52187065}.Debug|Any CPU.ActiveCfg = Debug|Any CPU
		{02B190B3-029F-4968-AF6C-4E7A52187065}.Debug|Any CPU.Build.0 = Debug|Any CPU
		{02B190B3-029F-4968-AF6C-4E7A52187065}.Release|Any CPU.ActiveCfg = Release|Any CPU
		{02B190B3-029F-4968-AF6C-4E7A52187065}.Release|Any CPU.Build.0 = Release|Any CPU
	EndGlobalSection
	GlobalSection(SolutionProperties) = preSolution
		HideSolutionNode = FALSE
	EndGlobalSection
	GlobalSection(NestedProjects) = preSolution
		{EAC9C191-29B6-451D-971B-707B2C2370DA} = {DAD9291F-71AE-43D4-A124-D5BE806013A0}
		{A6146008-C439-4BD1-8813-20FD50A610F1} = {DAD9291F-71AE-43D4-A124-D5BE806013A0}
		{D0D84BC3-CCA8-4B3F-899E-2A8CB3C4CA08} = {DAD9291F-71AE-43D4-A124-D5BE806013A0}
		{51E5D1AC-B1A8-4B44-A3C6-1212FEBC4055} = {DAD9291F-71AE-43D4-A124-D5BE806013A0}
		{74699A29-FD91-46D3-A69E-AFF72118A94B} = {DAD9291F-71AE-43D4-A124-D5BE806013A0}
		{EC535F97-1889-4BE5-8C2C-6C121DD9FF1E} = {DAD9291F-71AE-43D4-A124-D5BE806013A0}
		{04CB8EDB-5ABC-42B8-9C61-AD8F42ECEDC0} = {DAD9291F-71AE-43D4-A124-D5BE806013A0}
		{FF4F0243-EDFC-43AE-A037-AD941CFEC58F} = {DAD9291F-71AE-43D4-A124-D5BE806013A0}
		{637CF3A4-89D9-466F-828D-BBC964DBC065} = {DAD9291F-71AE-43D4-A124-D5BE806013A0}
		{B9A67F9F-31F2-4917-A235-28BD6F40D389} = {838210AB-B788-419F-9F71-BB2D05326D0F}
		{DDCE85A1-27B2-4090-AC44-F0CE5D90FE20} = {DAD9291F-71AE-43D4-A124-D5BE806013A0}
		{02B190B3-029F-4968-AF6C-4E7A52187065} = {DAD9291F-71AE-43D4-A124-D5BE806013A0}
	EndGlobalSection
	GlobalSection(ExtensibilityGlobals) = postSolution
		SolutionGuid = {D6672698-9E9F-4A8E-B495-4C9131610627}
	EndGlobalSection
EndGlobal
